
Microsoft Visual Studio Solution File, Format Version 12.00
# Visual Studio 15
VisualStudioVersion = 15.0.27130.2027
MinimumVisualStudioVersion = 10.0.40219.1
Project("{9A19103F-16F7-4668-BE54-9A1E7A4F7556}") = "Core", "Core\Core.csproj", "{CC5165CA-9737-4A34-89A9-8C19BC931628}"
EndProject
Project("{FAE04EC0-301F-11D3-BF4B-00C04F79EFBC}") = "Tests", "Tests\Tests.csproj", "{11DD8D36-F9BD-4BA4-BBD6-82EB8F4019DE}"
EndProject
Global
	GlobalSection(SolutionConfigurationPlatforms) = preSolution
		Debug|Any CPU = Debug|Any CPU
		Release|Any CPU = Release|Any CPU
	EndGlobalSection
	GlobalSection(ProjectConfigurationPlatforms) = postSolution
		{CC5165CA-9737-4A34-89A9-8C19BC931628}.Debug|Any CPU.ActiveCfg = Debug|Any CPU
		{CC5165CA-9737-4A34-89A9-8C19BC931628}.Debug|Any CPU.Build.0 = Debug|Any CPU
		{CC5165CA-9737-4A34-89A9-8C19BC931628}.Release|Any CPU.ActiveCfg = Release|Any CPU
		{CC5165CA-9737-4A34-89A9-8C19BC931628}.Release|Any CPU.Build.0 = Release|Any CPU
		{11DD8D36-F9BD-4BA4-BBD6-82EB8F4019DE}.Debug|Any CPU.ActiveCfg = Debug|Any CPU
		{11DD8D36-F9BD-4BA4-BBD6-82EB8F4019DE}.Debug|Any CPU.Build.0 = Debug|Any CPU
		{11DD8D36-F9BD-4BA4-BBD6-82EB8F4019DE}.Release|Any CPU.ActiveCfg = Release|Any CPU
		{11DD8D36-F9BD-4BA4-BBD6-82EB8F4019DE}.Release|Any CPU.Build.0 = Release|Any CPU
	EndGlobalSection
	GlobalSection(SolutionProperties) = preSolution
		HideSolutionNode = FALSE
	EndGlobalSection
	GlobalSection(ExtensibilityGlobals) = postSolution
		SolutionGuid = {26841D65-F8F5-480F-BB55-F142E07564AA}
	EndGlobalSection
EndGlobal
